// !$*UTF8*$!
{
	archiveVersion = 1;
	classes = {
	};
	objectVersion = 51;
	objects = {

/* Begin PBXBuildFile section */
		4294F5338889D6C957236368 /* Pods_BirthdayIphoneApp.framework in Frameworks */ = {isa = PBXBuildFile; fileRef = B8D7CB3ED2B342E5AB04A47C /* Pods_BirthdayIphoneApp.framework */; };
		726901F62726762E00F1365F /* AppDelegate.swift in Sources */ = {isa = PBXBuildFile; fileRef = 726901F52726762E00F1365F /* AppDelegate.swift */; };
		726901F82726762E00F1365F /* SceneDelegate.swift in Sources */ = {isa = PBXBuildFile; fileRef = 726901F72726762E00F1365F /* SceneDelegate.swift */; };
		726901FA2726762E00F1365F /* ViewController.swift in Sources */ = {isa = PBXBuildFile; fileRef = 726901F92726762E00F1365F /* ViewController.swift */; };
		726901FD2726762E00F1365F /* Main.storyboard in Resources */ = {isa = PBXBuildFile; fileRef = 726901FB2726762E00F1365F /* Main.storyboard */; };
		726901FF2726763600F1365F /* Assets.xcassets in Resources */ = {isa = PBXBuildFile; fileRef = 726901FE2726763600F1365F /* Assets.xcassets */; };
		726902022726763600F1365F /* LaunchScreen.storyboard in Resources */ = {isa = PBXBuildFile; fileRef = 726902002726763600F1365F /* LaunchScreen.storyboard */; };
		7269020A272691AB00F1365F /* InputViewController.swift in Sources */ = {isa = PBXBuildFile; fileRef = 72690209272691AB00F1365F /* InputViewController.swift */; };
		7269020C2726932100F1365F /* EditViewController.swift in Sources */ = {isa = PBXBuildFile; fileRef = 7269020B2726932100F1365F /* EditViewController.swift */; };
		7298D8442727C754007E4FC7 /* BirthdayPerson.swift in Sources */ = {isa = PBXBuildFile; fileRef = 7298D8432727C754007E4FC7 /* BirthdayPerson.swift */; };
/* End PBXBuildFile section */

/* Begin PBXFileReference section */
		03D713D8668D60CE33DAAF42 /* Pods-BirthdayIphoneApp.debug.xcconfig */ = {isa = PBXFileReference; includeInIndex = 1; lastKnownFileType = text.xcconfig; name = "Pods-BirthdayIphoneApp.debug.xcconfig"; path = "Target Support Files/Pods-BirthdayIphoneApp/Pods-BirthdayIphoneApp.debug.xcconfig"; sourceTree = "<group>"; };
		726901F22726762E00F1365F /* BirthdayIphoneApp.app */ = {isa = PBXFileReference; explicitFileType = wrapper.application; includeInIndex = 0; path = BirthdayIphoneApp.app; sourceTree = BUILT_PRODUCTS_DIR; };
		726901F52726762E00F1365F /* AppDelegate.swift */ = {isa = PBXFileReference; lastKnownFileType = sourcecode.swift; path = AppDelegate.swift; sourceTree = "<group>"; };
		726901F72726762E00F1365F /* SceneDelegate.swift */ = {isa = PBXFileReference; lastKnownFileType = sourcecode.swift; path = SceneDelegate.swift; sourceTree = "<group>"; };
		726901F92726762E00F1365F /* ViewController.swift */ = {isa = PBXFileReference; lastKnownFileType = sourcecode.swift; path = ViewController.swift; sourceTree = "<group>"; };
		726901FC2726762E00F1365F /* Base */ = {isa = PBXFileReference; lastKnownFileType = file.storyboard; name = Base; path = Base.lproj/Main.storyboard; sourceTree = "<group>"; };
		726901FE2726763600F1365F /* Assets.xcassets */ = {isa = PBXFileReference; lastKnownFileType = folder.assetcatalog; path = Assets.xcassets; sourceTree = "<group>"; };
		726902012726763600F1365F /* Base */ = {isa = PBXFileReference; lastKnownFileType = file.storyboard; name = Base; path = Base.lproj/LaunchScreen.storyboard; sourceTree = "<group>"; };
		726902032726763600F1365F /* Info.plist */ = {isa = PBXFileReference; lastKnownFileType = text.plist.xml; path = Info.plist; sourceTree = "<group>"; };
		72690209272691AB00F1365F /* InputViewController.swift */ = {isa = PBXFileReference; lastKnownFileType = sourcecode.swift; path = InputViewController.swift; sourceTree = "<group>"; };
		7269020B2726932100F1365F /* EditViewController.swift */ = {isa = PBXFileReference; lastKnownFileType = sourcecode.swift; path = EditViewController.swift; sourceTree = "<group>"; };
		7298D8432727C754007E4FC7 /* BirthdayPerson.swift */ = {isa = PBXFileReference; lastKnownFileType = sourcecode.swift; path = BirthdayPerson.swift; sourceTree = "<group>"; };
		B8D7CB3ED2B342E5AB04A47C /* Pods_BirthdayIphoneApp.framework */ = {isa = PBXFileReference; explicitFileType = wrapper.framework; includeInIndex = 0; path = Pods_BirthdayIphoneApp.framework; sourceTree = BUILT_PRODUCTS_DIR; };
		C68855173EE9FE69C66010C9 /* Pods-BirthdayIphoneApp.release.xcconfig */ = {isa = PBXFileReference; includeInIndex = 1; lastKnownFileType = text.xcconfig; name = "Pods-BirthdayIphoneApp.release.xcconfig"; path = "Target Support Files/Pods-BirthdayIphoneApp/Pods-BirthdayIphoneApp.release.xcconfig"; sourceTree = "<group>"; };
/* End PBXFileReference section */

/* Begin PBXFrameworksBuildPhase section */
		726901EF2726762E00F1365F /* Frameworks */ = {
			isa = PBXFrameworksBuildPhase;
			buildActionMask = 2147483647;
			files = (
				4294F5338889D6C957236368 /* Pods_BirthdayIphoneApp.framework in Frameworks */,
			);
			runOnlyForDeploymentPostprocessing = 0;
		};
/* End PBXFrameworksBuildPhase section */

/* Begin PBXGroup section */
		321EDEB8E1699DA6C83C9C61 /* Frameworks */ = {
			isa = PBXGroup;
			children = (
				B8D7CB3ED2B342E5AB04A47C /* Pods_BirthdayIphoneApp.framework */,
			);
			name = Frameworks;
			sourceTree = "<group>";
		};
		726901E92726762E00F1365F = {
			isa = PBXGroup;
			children = (
				726901F42726762E00F1365F /* BirthdayIphoneApp */,
				726901F32726762E00F1365F /* Products */,
				7386E8A426FA986F65C7FD34 /* Pods */,
				321EDEB8E1699DA6C83C9C61 /* Frameworks */,
			);
			sourceTree = "<group>";
		};
		726901F32726762E00F1365F /* Products */ = {
			isa = PBXGroup;
			children = (
				726901F22726762E00F1365F /* BirthdayIphoneApp.app */,
			);
			name = Products;
			sourceTree = "<group>";
		};
		726901F42726762E00F1365F /* BirthdayIphoneApp */ = {
			isa = PBXGroup;
			children = (
				726901F52726762E00F1365F /* AppDelegate.swift */,
				726901F72726762E00F1365F /* SceneDelegate.swift */,
				726901F92726762E00F1365F /* ViewController.swift */,
				72690209272691AB00F1365F /* InputViewController.swift */,
				7298D8432727C754007E4FC7 /* BirthdayPerson.swift */,
				7269020B2726932100F1365F /* EditViewController.swift */,
				726901FB2726762E00F1365F /* Main.storyboard */,
				726901FE2726763600F1365F /* Assets.xcassets */,
				726902002726763600F1365F /* LaunchScreen.storyboard */,
				726902032726763600F1365F /* Info.plist */,
			);
			path = BirthdayIphoneApp;
			sourceTree = "<group>";
		};
		7386E8A426FA986F65C7FD34 /* Pods */ = {
			isa = PBXGroup;
			children = (
				03D713D8668D60CE33DAAF42 /* Pods-BirthdayIphoneApp.debug.xcconfig */,
				C68855173EE9FE69C66010C9 /* Pods-BirthdayIphoneApp.release.xcconfig */,
			);
			path = Pods;
			sourceTree = "<group>";
		};
/* End PBXGroup section */

/* Begin PBXNativeTarget section */
		726901F12726762E00F1365F /* BirthdayIphoneApp */ = {
			isa = PBXNativeTarget;
			buildConfigurationList = 726902062726763600F1365F /* Build configuration list for PBXNativeTarget "BirthdayIphoneApp" */;
			buildPhases = (
				F9E2D5973534EE752C2DB38F /* [CP] Check Pods Manifest.lock */,
				726901EE2726762E00F1365F /* Sources */,
				726901EF2726762E00F1365F /* Frameworks */,
				726901F02726762E00F1365F /* Resources */,
				894379D85835114669884B42 /* [CP] Embed Pods Frameworks */,
			);
			buildRules = (
			);
			dependencies = (
			);
			name = BirthdayIphoneApp;
			productName = BirthdayIphoneApp;
			productReference = 726901F22726762E00F1365F /* BirthdayIphoneApp.app */;
			productType = "com.apple.product-type.application";
		};
/* End PBXNativeTarget section */

/* Begin PBXProject section */
		726901EA2726762E00F1365F /* Project object */ = {
			isa = PBXProject;
			attributes = {
				LastSwiftUpdateCheck = 1250;
				LastUpgradeCheck = 1250;
				TargetAttributes = {
					726901F12726762E00F1365F = {
						CreatedOnToolsVersion = 12.5.1;
					};
				};
			};
			buildConfigurationList = 726901ED2726762E00F1365F /* Build configuration list for PBXProject "BirthdayIphoneApp" */;
			compatibilityVersion = "Xcode 9.3";
			developmentRegion = en;
			hasScannedForEncodings = 0;
			knownRegions = (
				en,
				Base,
			);
			mainGroup = 726901E92726762E00F1365F;
			productRefGroup = 726901F32726762E00F1365F /* Products */;
			projectDirPath = "";
			projectRoot = "";
			targets = (
				726901F12726762E00F1365F /* BirthdayIphoneApp */,
			);
		};
/* End PBXProject section */

/* Begin PBXResourcesBuildPhase section */
		726901F02726762E00F1365F /* Resources */ = {
			isa = PBXResourcesBuildPhase;
			buildActionMask = 2147483647;
			files = (
				726902022726763600F1365F /* LaunchScreen.storyboard in Resources */,
				726901FF2726763600F1365F /* Assets.xcassets in Resources */,
				726901FD2726762E00F1365F /* Main.storyboard in Resources */,
			);
			runOnlyForDeploymentPostprocessing = 0;
		};
/* End PBXResourcesBuildPhase section */

/* Begin PBXShellScriptBuildPhase section */
		894379D85835114669884B42 /* [CP] Embed Pods Frameworks */ = {
			isa = PBXShellScriptBuildPhase;
			buildActionMask = 2147483647;
			files = (
			);
			inputFileListPaths = (
				"${PODS_ROOT}/Target Support Files/Pods-BirthdayIphoneApp/Pods-BirthdayIphoneApp-frameworks-${CONFIGURATION}-input-files.xcfilelist",
			);
			name = "[CP] Embed Pods Frameworks";
			outputFileListPaths = (
				"${PODS_ROOT}/Target Support Files/Pods-BirthdayIphoneApp/Pods-BirthdayIphoneApp-frameworks-${CONFIGURATION}-output-files.xcfilelist",
			);
			runOnlyForDeploymentPostprocessing = 0;
			shellPath = /bin/sh;
			shellScript = "\"${PODS_ROOT}/Target Support Files/Pods-BirthdayIphoneApp/Pods-BirthdayIphoneApp-frameworks.sh\"\n";
			showEnvVarsInLog = 0;
		};
		F9E2D5973534EE752C2DB38F /* [CP] Check Pods Manifest.lock */ = {
			isa = PBXShellScriptBuildPhase;
			buildActionMask = 2147483647;
			files = (
			);
			inputFileListPaths = (
			);
			inputPaths = (
				"${PODS_PODFILE_DIR_PATH}/Podfile.lock",
				"${PODS_ROOT}/Manifest.lock",
			);
			name = "[CP] Check Pods Manifest.lock";
			outputFileListPaths = (
			);
			outputPaths = (
				"$(DERIVED_FILE_DIR)/Pods-BirthdayIphoneApp-checkManifestLockResult.txt",
			);
			runOnlyForDeploymentPostprocessing = 0;
			shellPath = /bin/sh;
			shellScript = "diff \"${PODS_PODFILE_DIR_PATH}/Podfile.lock\" \"${PODS_ROOT}/Manifest.lock\" > /dev/null\nif [ $? != 0 ] ; then\n    # print error to STDERR\n    echo \"error: The sandbox is not in sync with the Podfile.lock. Run 'pod install' or update your CocoaPods installation.\" >&2\n    exit 1\nfi\n# This output is used by Xcode 'outputs' to avoid re-running this script phase.\necho \"SUCCESS\" > \"${SCRIPT_OUTPUT_FILE_0}\"\n";
			showEnvVarsInLog = 0;
		};
/* End PBXShellScriptBuildPhase section */

/* Begin PBXSourcesBuildPhase section */
		726901EE2726762E00F1365F /* Sources */ = {
			isa = PBXSourcesBuildPhase;
			buildActionMask = 2147483647;
			files = (
				7269020C2726932100F1365F /* EditViewController.swift in Sources */,
				726901FA2726762E00F1365F /* ViewController.swift in Sources */,
				726901F62726762E00F1365F /* AppDelegate.swift in Sources */,
				726901F82726762E00F1365F /* SceneDelegate.swift in Sources */,
				7269020A272691AB00F1365F /* InputViewController.swift in Sources */,
				7298D8442727C754007E4FC7 /* BirthdayPerson.swift in Sources */,
			);
			runOnlyForDeploymentPostprocessing = 0;
		};
/* End PBXSourcesBuildPhase section */

/* Begin PBXVariantGroup section */
		726901FB2726762E00F1365F /* Main.storyboard */ = {
			isa = PBXVariantGroup;
			children = (
				726901FC2726762E00F1365F /* Base */,
			);
			name = Main.storyboard;
			sourceTree = "<group>";
		};
		726902002726763600F1365F /* LaunchScreen.storyboard */ = {
			isa = PBXVariantGroup;
			children = (
				726902012726763600F1365F /* Base */,
			);
			name = LaunchScreen.storyboard;
			sourceTree = "<group>";
		};
/* End PBXVariantGroup section */

/* Begin XCBuildConfiguration section */
		726902042726763600F1365F /* Debug */ = {
			isa = XCBuildConfiguration;
			buildSettings = {
				ALWAYS_SEARCH_USER_PATHS = NO;
				CLANG_ANALYZER_NONNULL = YES;
				CLANG_ANALYZER_NUMBER_OBJECT_CONVERSION = YES_AGGRESSIVE;
				CLANG_CXX_LANGUAGE_STANDARD = "gnu++14";
				CLANG_CXX_LIBRARY = "libc++";
				CLANG_ENABLE_MODULES = YES;
				CLANG_ENABLE_OBJC_ARC = YES;
				CLANG_ENABLE_OBJC_WEAK = YES;
				CLANG_WARN_BLOCK_CAPTURE_AUTORELEASING = YES;
				CLANG_WARN_BOOL_CONVERSION = YES;
				CLANG_WARN_COMMA = YES;
				CLANG_WARN_CONSTANT_CONVERSION = YES;
				CLANG_WARN_DEPRECATED_OBJC_IMPLEMENTATIONS = YES;
				CLANG_WARN_DIRECT_OBJC_ISA_USAGE = YES_ERROR;
				CLANG_WARN_DOCUMENTATION_COMMENTS = YES;
				CLANG_WARN_EMPTY_BODY = YES;
				CLANG_WARN_ENUM_CONVERSION = YES;
				CLANG_WARN_INFINITE_RECURSION = YES;
				CLANG_WARN_INT_CONVERSION = YES;
				CLANG_WARN_NON_LITERAL_NULL_CONVERSION = YES;
				CLANG_WARN_OBJC_IMPLICIT_RETAIN_SELF = YES;
				CLANG_WARN_OBJC_LITERAL_CONVERSION = YES;
				CLANG_WARN_OBJC_ROOT_CLASS = YES_ERROR;
				CLANG_WARN_QUOTED_INCLUDE_IN_FRAMEWORK_HEADER = YES;
				CLANG_WARN_RANGE_LOOP_ANALYSIS = YES;
				CLANG_WARN_STRICT_PROTOTYPES = YES;
				CLANG_WARN_SUSPICIOUS_MOVE = YES;
				CLANG_WARN_UNGUARDED_AVAILABILITY = YES_AGGRESSIVE;
				CLANG_WARN_UNREACHABLE_CODE = YES;
				CLANG_WARN__DUPLICATE_METHOD_MATCH = YES;
				COPY_PHASE_STRIP = NO;
				DEBUG_INFORMATION_FORMAT = dwarf;
				ENABLE_STRICT_OBJC_MSGSEND = YES;
				ENABLE_TESTABILITY = YES;
				GCC_C_LANGUAGE_STANDARD = gnu11;
				GCC_DYNAMIC_NO_PIC = NO;
				GCC_NO_COMMON_BLOCKS = YES;
				GCC_OPTIMIZATION_LEVEL = 0;
				GCC_PREPROCESSOR_DEFINITIONS = (
					"DEBUG=1",
					"$(inherited)",
				);
				GCC_WARN_64_TO_32_BIT_CONVERSION = YES;
				GCC_WARN_ABOUT_RETURN_TYPE = YES_ERROR;
				GCC_WARN_UNDECLARED_SELECTOR = YES;
				GCC_WARN_UNINITIALIZED_AUTOS = YES_AGGRESSIVE;
				GCC_WARN_UNUSED_FUNCTION = YES;
				GCC_WARN_UNUSED_VARIABLE = YES;
				IPHONEOS_DEPLOYMENT_TARGET = 14.5;
				MTL_ENABLE_DEBUG_INFO = INCLUDE_SOURCE;
				MTL_FAST_MATH = YES;
				ONLY_ACTIVE_ARCH = YES;
				SDKROOT = iphoneos;
				SWIFT_ACTIVE_COMPILATION_CONDITIONS = DEBUG;
				SWIFT_OPTIMIZATION_LEVEL = "-Onone";
			};
			name = Debug;
		};
		726902052726763600F1365F /* Release */ = {
			isa = XCBuildConfiguration;
			buildSettings = {
				ALWAYS_SEARCH_USER_PATHS = NO;
				CLANG_ANALYZER_NONNULL = YES;
				CLANG_ANALYZER_NUMBER_OBJECT_CONVERSION = YES_AGGRESSIVE;
				CLANG_CXX_LANGUAGE_STANDARD = "gnu++14";
				CLANG_CXX_LIBRARY = "libc++";
				CLANG_ENABLE_MODULES = YES;
				CLANG_ENABLE_OBJC_ARC = YES;
				CLANG_ENABLE_OBJC_WEAK = YES;
				CLANG_WARN_BLOCK_CAPTURE_AUTORELEASING = YES;
				CLANG_WARN_BOOL_CONVERSION = YES;
				CLANG_WARN_COMMA = YES;
				CLANG_WARN_CONSTANT_CONVERSION = YES;
				CLANG_WARN_DEPRECATED_OBJC_IMPLEMENTATIONS = YES;
				CLANG_WARN_DIRECT_OBJC_ISA_USAGE = YES_ERROR;
				CLANG_WARN_DOCUMENTATION_COMMENTS = YES;
				CLANG_WARN_EMPTY_BODY = YES;
				CLANG_WARN_ENUM_CONVERSION = YES;
				CLANG_WARN_INFINITE_RECURSION = YES;
				CLANG_WARN_INT_CONVERSION = YES;
				CLANG_WARN_NON_LITERAL_NULL_CONVERSION = YES;
				CLANG_WARN_OBJC_IMPLICIT_RETAIN_SELF = YES;
				CLANG_WARN_OBJC_LITERAL_CONVERSION = YES;
				CLANG_WARN_OBJC_ROOT_CLASS = YES_ERROR;
				CLANG_WARN_QUOTED_INCLUDE_IN_FRAMEWORK_HEADER = YES;
				CLANG_WARN_RANGE_LOOP_ANALYSIS = YES;
				CLANG_WARN_STRICT_PROTOTYPES = YES;
				CLANG_WARN_SUSPICIOUS_MOVE = YES;
				CLANG_WARN_UNGUARDED_AVAILABILITY = YES_AGGRESSIVE;
				CLANG_WARN_UNREACHABLE_CODE = YES;
				CLANG_WARN__DUPLICATE_METHOD_MATCH = YES;
				COPY_PHASE_STRIP = NO;
				DEBUG_INFORMATION_FORMAT = "dwarf-with-dsym";
				ENABLE_NS_ASSERTIONS = NO;
				ENABLE_STRICT_OBJC_MSGSEND = YES;
				GCC_C_LANGUAGE_STANDARD = gnu11;
				GCC_NO_COMMON_BLOCKS = YES;
				GCC_WARN_64_TO_32_BIT_CONVERSION = YES;
				GCC_WARN_ABOUT_RETURN_TYPE = YES_ERROR;
				GCC_WARN_UNDECLARED_SELECTOR = YES;
				GCC_WARN_UNINITIALIZED_AUTOS = YES_AGGRESSIVE;
				GCC_WARN_UNUSED_FUNCTION = YES;
				GCC_WARN_UNUSED_VARIABLE = YES;
				IPHONEOS_DEPLOYMENT_TARGET = 14.5;
				MTL_ENABLE_DEBUG_INFO = NO;
				MTL_FAST_MATH = YES;
				SDKROOT = iphoneos;
				SWIFT_COMPILATION_MODE = wholemodule;
				SWIFT_OPTIMIZATION_LEVEL = "-O";
				VALIDATE_PRODUCT = YES;
			};
			name = Release;
		};
		726902072726763600F1365F /* Debug */ = {
			isa = XCBuildConfiguration;
			baseConfigurationReference = 03D713D8668D60CE33DAAF42 /* Pods-BirthdayIphoneApp.debug.xcconfig */;
			buildSettings = {
				ASSETCATALOG_COMPILER_APPICON_NAME = AppIcon;
				ASSETCATALOG_COMPILER_GLOBAL_ACCENT_COLOR_NAME = AccentColor;
				CODE_SIGN_STYLE = Automatic;
				INFOPLIST_FILE = BirthdayIphoneApp/Info.plist;
				LD_RUNPATH_SEARCH_PATHS = (
					"$(inherited)",
					"@executable_path/Frameworks",
				);
				PRODUCT_BUNDLE_IDENTIFIER = jp.techacademy.kantaro1217.BirthdayIphoneApp;
				PRODUCT_NAME = "$(TARGET_NAME)";
				SWIFT_VERSION = 5.0;
				TARGETED_DEVICE_FAMILY = "1,2";
			};
			name = Debug;
		};
		726902082726763600F1365F /* Release */ = {
			isa = XCBuildConfiguration;
			baseConfigurationReference = C68855173EE9FE69C66010C9 /* Pods-BirthdayIphoneApp.release.xcconfig */;
			buildSettings = {
				ASSETCATALOG_COMPILER_APPICON_NAME = AppIcon;
				ASSETCATALOG_COMPILER_GLOBAL_ACCENT_COLOR_NAME = AccentColor;
				CODE_SIGN_STYLE = Automatic;
				INFOPLIST_FILE = BirthdayIphoneApp/Info.plist;
				LD_RUNPATH_SEARCH_PATHS = (
					"$(inherited)",
					"@executable_path/Frameworks",
				);
				PRODUCT_BUNDLE_IDENTIFIER = jp.techacademy.kantaro1217.BirthdayIphoneApp;
				PRODUCT_NAME = "$(TARGET_NAME)";
				SWIFT_VERSION = 5.0;
				TARGETED_DEVICE_FAMILY = "1,2";
			};
			name = Release;
		};
/* End XCBuildConfiguration section */

/* Begin XCConfigurationList section */
		726901ED2726762E00F1365F /* Build configuration list for PBXProject "BirthdayIphoneApp" */ = {
			isa = XCConfigurationList;
			buildConfigurations = (
				726902042726763600F1365F /* Debug */,
				726902052726763600F1365F /* Release */,
			);
			defaultConfigurationIsVisible = 0;
			defaultConfigurationName = Release;
		};
		726902062726763600F1365F /* Build configuration list for PBXNativeTarget "BirthdayIphoneApp" */ = {
			isa = XCConfigurationList;
			buildConfigurations = (
				726902072726763600F1365F /* Debug */,
				726902082726763600F1365F /* Release */,
			);
			defaultConfigurationIsVisible = 0;
			defaultConfigurationName = Release;
		};
/* End XCConfigurationList section */
	};
	rootObject = 726901EA2726762E00F1365F /* Project object */;
}
